
Microsoft Visual Studio Solution File, Format Version 12.00
# Visual Studio 2013
VisualStudioVersion = 12.0.21005.1
MinimumVisualStudioVersion = 10.0.40219.1
Project("{FAE04EC0-301F-11D3-BF4B-00C04F79EFBC}") = "UberAPI.PCL", "UberAPI.PCL/UberAPI.PCL.csproj", "{be54e35b-ec8a-46cb-be92-9b85953bd91d}"
EndProject
Global
    GlobalSection(SolutionConfigurationPlatforms) = preSolution
        Debug|Any CPU = Debug|Any CPU
        Release|Any CPU = Release|Any CPU
    EndGlobalSection
    GlobalSection(ProjectConfigurationPlatforms) = postSolution
        {be54e35b-ec8a-46cb-be92-9b85953bd91d}.Debug|Any CPU.ActiveCfg = Debug|Any CPU
        {be54e35b-ec8a-46cb-be92-9b85953bd91d}.Debug|Any CPU.Build.0 = Debug|Any CPU
        {be54e35b-ec8a-46cb-be92-9b85953bd91d}.Release|Any CPU.ActiveCfg = Release|Any CPU
        {be54e35b-ec8a-46cb-be92-9b85953bd91d}.Release|Any CPU.Build.0 = Release|Any CPU
    EndGlobalSection
    GlobalSection(SolutionProperties) = preSolution
        HideSolutionNode = FALSE
    EndGlobalSection
EndGlobal
